lockfileVersion: '9.0'

settings:
  autoInstallPeers: true
  excludeLinksFromLockfile: false

importers:

  .:
    dependencies:
      omggif:
        specifier: 1.0.10
        version: 1.0.10
      pngjs:
        specifier: 7.0.0
        version: 7.0.0
      smol-toml:
        specifier: 1.7.1
        version: 1.7.1

packages:

  omggif@1.0.10:
    resolution: {integrity: sha512-LMJTtvgc/nugXj0Vcrrs68Mn2D1r0zf630VNtqtpI1FEO7e+O9FP4gqs9AcnBaSEeoHIPm28u6qgPR0oyEpGSw==}

  pngjs@7.0.0:
    resolution: {integrity: sha512-LKWqWJRhstyYo9pGvgor/ivk2w94eSjE3RGVuzLGlr3NmD8bf7RcYGze1mNdEHRP6TRP6rMuDHk5t44hnTRyow==}
    engines: {node: '>=14.19.0'}

  smol-toml@1.7.1:
    resolution: {integrity: sha512-PPlsspAZ4jbMBu5DMFhfUGDQLu/vrL4SyBROVS37x8ynnVmFIs1VPBz1Co8Xks3TvpIaZXmU85y4DrQ+UyVFoQ==}
    engines: {node: '>= 18'}

snapshots:

  omggif@1.0.10: {}

  pngjs@7.0.0: {}

  smol-toml@1.7.1: {}
